
Microsoft Visual Studio Solution File, Format Version 12.00
# Visual Studio Version 17
VisualStudioVersion = 17.3.32811.315
MinimumVisualStudioVersion = 10.0.40219.1
Project("{FAE04EC0-301F-11D3-BF4B-00C04F79EFBC}") = "HarryPottah", "HarryPottah\HarryPottah.csproj", "{60637358-9F0A-4C91-9C69-7AC83E254707}"
EndProject
Global
	GlobalSection(SolutionConfigurationPlatforms) = preSolution
		Debug|Any CPU = Debug|Any CPU
		Release|Any CPU = Release|Any CPU
	EndGlobalSection
	GlobalSection(ProjectConfigurationPlatforms) = postSolution
		{60637358-9F0A-4C91-9C69-7AC83E254707}.Debug|Any CPU.ActiveCfg = Debug|Any CPU
		{60637358-9F0A-4C91-9C69-7AC83E254707}.Debug|Any CPU.Build.0 = Debug|Any CPU
		{60637358-9F0A-4C91-9C69-7AC83E254707}.Release|Any CPU.ActiveCfg = Release|Any CPU
		{60637358-9F0A-4C91-9C69-7AC83E254707}.Release|Any CPU.Build.0 = Release|Any CPU
	EndGlobalSection
	GlobalSection(SolutionProperties) = preSolution
		HideSolutionNode = FALSE
	EndGlobalSection
	GlobalSection(ExtensibilityGlobals) = postSolution
		SolutionGuid = {8A97461E-7856-4753-ADD7-99A969A2A7EF}
	EndGlobalSection
EndGlobal
